
Microsoft Visual Studio Solution File, Format Version 12.00
# Visual Studio 15
VisualStudioVersion = 15.0.26730.16
MinimumVisualStudioVersion = 10.0.40219.1
Project("{FAE04EC0-301F-11D3-BF4B-00C04F79EFBC}") = "Lesson1", "School1\Lesson1.csproj", "{90887F24-5315-44C8-AB66-AD820344B14F}"
EndProject
Project("{FAE04EC0-301F-11D3-BF4B-00C04F79EFBC}") = "Lesson2", "Lesson2\Lesson2.csproj", "{817D0B48-2630-48BF-848F-2E3F2D6CBB70}"
EndProject
Project("{FAE04EC0-301F-11D3-BF4B-00C04F79EFBC}") = "School2", "School2\School2.csproj", "{F1F5E65C-839A-4BA0-AD10-976C7DA76B62}"
EndProject
Project("{FAE04EC0-301F-11D3-BF4B-00C04F79EFBC}") = "Lesson3", "Lesson3\Lesson3.csproj", "{F5EEAE16-9105-48F4-8EB2-C67F78DF5689}"
EndProject
Global
	GlobalSection(SolutionConfigurationPlatforms) = preSolution
		Debug|Any CPU = Debug|Any CPU
		Release|Any CPU = Release|Any CPU
	EndGlobalSection
	GlobalSection(ProjectConfigurationPlatforms) = postSolution
		{90887F24-5315-44C8-AB66-AD820344B14F}.Debug|Any CPU.ActiveCfg = Debug|Any CPU
		{90887F24-5315-44C8-AB66-AD820344B14F}.Debug|Any CPU.Build.0 = Debug|Any CPU
		{90887F24-5315-44C8-AB66-AD820344B14F}.Release|Any CPU.ActiveCfg = Release|Any CPU
		{90887F24-5315-44C8-AB66-AD820344B14F}.Release|Any CPU.Build.0 = Release|Any CPU
		{817D0B48-2630-48BF-848F-2E3F2D6CBB70}.Debug|Any CPU.ActiveCfg = Debug|Any CPU
		{817D0B48-2630-48BF-848F-2E3F2D6CBB70}.Debug|Any CPU.Build.0 = Debug|Any CPU
		{817D0B48-2630-48BF-848F-2E3F2D6CBB70}.Release|Any CPU.ActiveCfg = Release|Any CPU
		{817D0B48-2630-48BF-848F-2E3F2D6CBB70}.Release|Any CPU.Build.0 = Release|Any CPU
		{F1F5E65C-839A-4BA0-AD10-976C7DA76B62}.Debug|Any CPU.ActiveCfg = Debug|Any CPU
		{F1F5E65C-839A-4BA0-AD10-976C7DA76B62}.Debug|Any CPU.Build.0 = Debug|Any CPU
		{F1F5E65C-839A-4BA0-AD10-976C7DA76B62}.Release|Any CPU.ActiveCfg = Release|Any CPU
		{F1F5E65C-839A-4BA0-AD10-976C7DA76B62}.Release|Any CPU.Build.0 = Release|Any CPU
		{F5EEAE16-9105-48F4-8EB2-C67F78DF5689}.Debug|Any CPU.ActiveCfg = Debug|Any CPU
		{F5EEAE16-9105-48F4-8EB2-C67F78DF5689}.Debug|Any CPU.Build.0 = Debug|Any CPU
		{F5EEAE16-9105-48F4-8EB2-C67F78DF5689}.Release|Any CPU.ActiveCfg = Release|Any CPU
		{F5EEAE16-9105-48F4-8EB2-C67F78DF5689}.Release|Any CPU.Build.0 = Release|Any CPU
	EndGlobalSection
	GlobalSection(SolutionProperties) = preSolution
		HideSolutionNode = FALSE
	EndGlobalSection
	GlobalSection(ExtensibilityGlobals) = postSolution
		SolutionGuid = {122A4FD5-D3B3-4F11-B4DA-8660BABB122D}
	EndGlobalSection
EndGlobal
